
Microsoft Visual Studio Solution File, Format Version 12.00
# Visual Studio Version 17
VisualStudioVersion = 17.14.36327.8
MinimumVisualStudioVersion = 10.0.40219.1
Project("{E53339B2-1760-4266-BCC7-CA923CBCF16C}") = "docker-compose", "docker-compose.dcproj", "{81DDED9D-158B-E303-5F62-77A2896D2A5A}"
EndProject
Project("{FAE04EC0-301F-11D3-BF4B-00C04F79EFBC}") = "SearchService", "SearchService\SearchService.csproj", "{8417B53A-8104-4CA4-9AF4-9567CE06AA55}"
EndProject
Project("{FAE04EC0-301F-11D3-BF4B-00C04F79EFBC}") = "AuctionService", "AuctionsService\AuctionService.csproj", "{24895568-3871-3254-3452-02A672A38612}"
EndProject
Project("{FAE04EC0-301F-11D3-BF4B-00C04F79EFBC}") = "Contracts", "Contracts\Contracts.csproj", "{72A26065-85A7-4C89-9448-E35C4C416A68}"
EndProject
Project("{FAE04EC0-301F-11D3-BF4B-00C04F79EFBC}") = "IdentityService", "IdentityService\IdentityService.csproj", "{A234FC94-AA51-A558-AC74-0D69EA0D971A}"
EndProject
Global
	GlobalSection(SolutionConfigurationPlatforms) = preSolution
		Debug|Any CPU = Debug|Any CPU
		Release|Any CPU = Release|Any CPU
	EndGlobalSection
	GlobalSection(ProjectConfigurationPlatforms) = postSolution
		{81DDED9D-158B-E303-5F62-77A2896D2A5A}.Debug|Any CPU.ActiveCfg = Debug|Any CPU
		{81DDED9D-158B-E303-5F62-77A2896D2A5A}.Debug|Any CPU.Build.0 = Debug|Any CPU
		{81DDED9D-158B-E303-5F62-77A2896D2A5A}.Release|Any CPU.ActiveCfg = Release|Any CPU
		{81DDED9D-158B-E303-5F62-77A2896D2A5A}.Release|Any CPU.Build.0 = Release|Any CPU
		{8417B53A-8104-4CA4-9AF4-9567CE06AA55}.Debug|Any CPU.ActiveCfg = Debug|Any CPU
		{8417B53A-8104-4CA4-9AF4-9567CE06AA55}.Debug|Any CPU.Build.0 = Debug|Any CPU
		{8417B53A-8104-4CA4-9AF4-9567CE06AA55}.Release|Any CPU.ActiveCfg = Release|Any CPU
		{8417B53A-8104-4CA4-9AF4-9567CE06AA55}.Release|Any CPU.Build.0 = Release|Any CPU
		{24895568-3871-3254-3452-02A672A38612}.Debug|Any CPU.ActiveCfg = Debug|Any CPU
		{24895568-3871-3254-3452-02A672A38612}.Debug|Any CPU.Build.0 = Debug|Any CPU
		{24895568-3871-3254-3452-02A672A38612}.Release|Any CPU.ActiveCfg = Release|Any CPU
		{24895568-3871-3254-3452-02A672A38612}.Release|Any CPU.Build.0 = Release|Any CPU
		{72A26065-85A7-4C89-9448-E35C4C416A68}.Debug|Any CPU.ActiveCfg = Debug|Any CPU
		{72A26065-85A7-4C89-9448-E35C4C416A68}.Debug|Any CPU.Build.0 = Debug|Any CPU
		{72A26065-85A7-4C89-9448-E35C4C416A68}.Release|Any CPU.ActiveCfg = Release|Any CPU
		{72A26065-85A7-4C89-9448-E35C4C416A68}.Release|Any CPU.Build.0 = Release|Any CPU
		{A234FC94-AA51-A558-AC74-0D69EA0D971A}.Debug|Any CPU.ActiveCfg = Debug|Any CPU
		{A234FC94-AA51-A558-AC74-0D69EA0D971A}.Debug|Any CPU.Build.0 = Debug|Any CPU
		{A234FC94-AA51-A558-AC74-0D69EA0D971A}.Release|Any CPU.ActiveCfg = Release|Any CPU
		{A234FC94-AA51-A558-AC74-0D69EA0D971A}.Release|Any CPU.Build.0 = Release|Any CPU
	EndGlobalSection
	GlobalSection(SolutionProperties) = preSolution
		HideSolutionNode = FALSE
	EndGlobalSection
	GlobalSection(ExtensibilityGlobals) = postSolution
		SolutionGuid = {E7ADADD1-AF43-4FE3-AE24-7B754C1EC6B5}
	EndGlobalSection
EndGlobal
